
Microsoft Visual Studio Solution File, Format Version 12.00
# Visual Studio Version 16
VisualStudioVersion = 16.0.30907.101
MinimumVisualStudioVersion = 10.0.40219.1
Project("{9A19103F-16F7-4668-BE54-9A1E7A4F7556}") = "SoftwareVersion", "SoftwareVersion\SoftwareVersion.csproj", "{70850ACC-62AF-4D30-8000-92FD5549AE40}"
EndProject
Project("{FAE04EC0-301F-11D3-BF4B-00C04F79EFBC}") = "SoftwareVersion.Logic", "SoftwareVersion.Logic\SoftwareVersion.Logic.csproj", "{FBC08236-670E-415A-A0B2-8886D41EEE10}"
EndProject
Project("{FAE04EC0-301F-11D3-BF4B-00C04F79EFBC}") = "SoftwareVersion.Model", "SoftwareVersion.Model\SoftwareVersion.Model.csproj", "{FCA82A80-8448-4B15-A1E5-4AEB7DA4AD6F}"
EndProject
Project("{FAE04EC0-301F-11D3-BF4B-00C04F79EFBC}") = "SoftwareVersion.Test", "SoftwareVersion.Test\SoftwareVersion.Test.csproj", "{4645D4EC-FDA8-46C6-BE08-E4B6DE61E91F}"
EndProject
Global
	GlobalSection(SolutionConfigurationPlatforms) = preSolution
		Debug|Any CPU = Debug|Any CPU
		Release|Any CPU = Release|Any CPU
	EndGlobalSection
	GlobalSection(ProjectConfigurationPlatforms) = postSolution
		{70850ACC-62AF-4D30-8000-92FD5549AE40}.Debug|Any CPU.ActiveCfg = Debug|Any CPU
		{70850ACC-62AF-4D30-8000-92FD5549AE40}.Debug|Any CPU.Build.0 = Debug|Any CPU
		{70850ACC-62AF-4D30-8000-92FD5549AE40}.Release|Any CPU.ActiveCfg = Release|Any CPU
		{70850ACC-62AF-4D30-8000-92FD5549AE40}.Release|Any CPU.Build.0 = Release|Any CPU
		{FBC08236-670E-415A-A0B2-8886D41EEE10}.Debug|Any CPU.ActiveCfg = Debug|Any CPU
		{FBC08236-670E-415A-A0B2-8886D41EEE10}.Debug|Any CPU.Build.0 = Debug|Any CPU
		{FBC08236-670E-415A-A0B2-8886D41EEE10}.Release|Any CPU.ActiveCfg = Release|Any CPU
		{FBC08236-670E-415A-A0B2-8886D41EEE10}.Release|Any CPU.Build.0 = Release|Any CPU
		{FCA82A80-8448-4B15-A1E5-4AEB7DA4AD6F}.Debug|Any CPU.ActiveCfg = Debug|Any CPU
		{FCA82A80-8448-4B15-A1E5-4AEB7DA4AD6F}.Debug|Any CPU.Build.0 = Debug|Any CPU
		{FCA82A80-8448-4B15-A1E5-4AEB7DA4AD6F}.Release|Any CPU.ActiveCfg = Release|Any CPU
		{FCA82A80-8448-4B15-A1E5-4AEB7DA4AD6F}.Release|Any CPU.Build.0 = Release|Any CPU
		{4645D4EC-FDA8-46C6-BE08-E4B6DE61E91F}.Debug|Any CPU.ActiveCfg = Debug|Any CPU
		{4645D4EC-FDA8-46C6-BE08-E4B6DE61E91F}.Debug|Any CPU.Build.0 = Debug|Any CPU
		{4645D4EC-FDA8-46C6-BE08-E4B6DE61E91F}.Release|Any CPU.ActiveCfg = Release|Any CPU
		{4645D4EC-FDA8-46C6-BE08-E4B6DE61E91F}.Release|Any CPU.Build.0 = Release|Any CPU
	EndGlobalSection
	GlobalSection(SolutionProperties) = preSolution
		HideSolutionNode = FALSE
	EndGlobalSection
	GlobalSection(ExtensibilityGlobals) = postSolution
		SolutionGuid = {369F89AB-6FA6-4FEE-937E-848980C58183}
	EndGlobalSection
EndGlobal
